// !$*UTF8*$!
{
	archiveVersion = 1;
	classes = {
	};
	objectVersion = 55;
	objects = {

/* Begin PBXBuildFile section */
		1F3BFEEB29A9BF530068E3D1 /* o.cp in Sources */ = {isa = PBXBuildFile; fileRef = 1F24E8D829A8B4AA00A1CB37 /* o.cp */; };
/* End PBXBuildFile section */

/* Begin PBXCopyFilesBuildPhase section */
		1F24E8B629A889FC00A1CB37 /* CopyFiles */ = {
			isa = PBXCopyFilesBuildPhase;
			buildActionMask = 2147483647;
			dstPath = /usr/share/man/man1/;
			dstSubfolderSpec = 0;
			files = (
			);
			runOnlyForDeploymentPostprocessing = 1;
		};
/* End PBXCopyFilesBuildPhase section */

/* Begin PBXFileReference section */
		1F24E8B829A889FC00A1CB37 /* SoMA1 */ = {isa = PBXFileReference; explicitFileType = "compiled.mach-o.executable"; includeInIndex = 0; path = SoMA1; sourceTree = BUILT_PRODUCTS_DIR; };
		1F24E8BB29A889FC00A1CB37 /* a.cpp */ = {isa = PBXFileReference; lastKnownFileType = sourcecode.cpp.cpp; path = a.cpp; sourceTree = "<group>"; };
		1F24E8C229A88A9A00A1CB37 /* b.cp */ = {isa = PBXFileReference; lastKnownFileType = sourcecode.cpp.cpp; path = b.cp; sourceTree = "<group>"; };
		1F24E8C329A88A9E00A1CB37 /* c.cp */ = {isa = PBXFileReference; lastKnownFileType = sourcecode.cpp.cpp; path = c.cp; sourceTree = "<group>"; };
		1F24E8C429A88AA300A1CB37 /* d.cp */ = {isa = PBXFileReference; lastKnownFileType = sourcecode.cpp.cpp; path = d.cp; sourceTree = "<group>"; };
		1F24E8C529A88AA600A1CB37 /* e.cp */ = {isa = PBXFileReference; lastKnownFileType = sourcecode.cpp.cpp; path = e.cp; sourceTree = "<group>"; };
		1F24E8C629A88AAA00A1CB37 /* f.cp */ = {isa = PBXFileReference; lastKnownFileType = sourcecode.cpp.cpp; path = f.cp; sourceTree = "<group>"; };
		1F24E8C729A88AAE00A1CB37 /* g.cp */ = {isa = PBXFileReference; lastKnownFileType = sourcecode.cpp.cpp; path = g.cp; sourceTree = "<group>"; };
		1F24E8C829A88AB100A1CB37 /* h.cp */ = {isa = PBXFileReference; lastKnownFileType = sourcecode.cpp.cpp; path = h.cp; sourceTree = "<group>"; };
		1F24E8C929A88AB500A1CB37 /* i.cp */ = {isa = PBXFileReference; lastKnownFileType = sourcecode.cpp.cpp; path = i.cp; sourceTree = "<group>"; };
		1F24E8CA29A88ABA00A1CB37 /* j.cp */ = {isa = PBXFileReference; lastKnownFileType = sourcecode.cpp.cpp; path = j.cp; sourceTree = "<group>"; };
		1F24E8CB29A88ABD00A1CB37 /* k.cp */ = {isa = PBXFileReference; lastKnownFileType = sourcecode.cpp.cpp; path = k.cp; sourceTree = "<group>"; };
		1F24E8D529A8B49C00A1CB37 /* l.cp */ = {isa = PBXFileReference; lastKnownFileType = sourcecode.cpp.cpp; path = l.cp; sourceTree = "<group>"; };
		1F24E8D629A8B4A200A1CB37 /* m.cp */ = {isa = PBXFileReference; lastKnownFileType = sourcecode.cpp.cpp; path = m.cp; sourceTree = "<group>"; };
		1F24E8D729A8B4A600A1CB37 /* n.cp */ = {isa = PBXFileReference; lastKnownFileType = sourcecode.cpp.cpp; path = n.cp; sourceTree = "<group>"; };
		1F24E8D829A8B4AA00A1CB37 /* o.cp */ = {isa = PBXFileReference; lastKnownFileType = sourcecode.cpp.cpp; path = o.cp; sourceTree = "<group>"; };
		1F24E8D929A8B4AF00A1CB37 /* p.cp */ = {isa = PBXFileReference; lastKnownFileType = sourcecode.cpp.cpp; path = p.cp; sourceTree = "<group>"; };
/* End PBXFileReference section */

/* Begin PBXFrameworksBuildPhase section */
		1F24E8B529A889FC00A1CB37 /* Frameworks */ = {
			isa = PBXFrameworksBuildPhase;
			buildActionMask = 2147483647;
			files = (
			);
			runOnlyForDeploymentPostprocessing = 0;
		};
/* End PBXFrameworksBuildPhase section */

/* Begin PBXGroup section */
		1F24E8AF29A889FC00A1CB37 = {
			isa = PBXGroup;
			children = (
				1F24E8BA29A889FC00A1CB37 /* SoMA1 */,
				1F24E8B929A889FC00A1CB37 /* Products */,
			);
			sourceTree = "<group>";
		};
		1F24E8B929A889FC00A1CB37 /* Products */ = {
			isa = PBXGroup;
			children = (
				1F24E8B829A889FC00A1CB37 /* SoMA1 */,
			);
			name = Products;
			sourceTree = "<group>";
		};
		1F24E8BA29A889FC00A1CB37 /* SoMA1 */ = {
			isa = PBXGroup;
			children = (
				1F24E8BB29A889FC00A1CB37 /* a.cpp */,
				1F24E8C229A88A9A00A1CB37 /* b.cp */,
				1F24E8C329A88A9E00A1CB37 /* c.cp */,
				1F24E8C429A88AA300A1CB37 /* d.cp */,
				1F24E8C529A88AA600A1CB37 /* e.cp */,
				1F24E8C629A88AAA00A1CB37 /* f.cp */,
				1F24E8C729A88AAE00A1CB37 /* g.cp */,
				1F24E8C829A88AB100A1CB37 /* h.cp */,
				1F24E8C929A88AB500A1CB37 /* i.cp */,
				1F24E8CA29A88ABA00A1CB37 /* j.cp */,
				1F24E8CB29A88ABD00A1CB37 /* k.cp */,
				1F24E8D529A8B49C00A1CB37 /* l.cp */,
				1F24E8D629A8B4A200A1CB37 /* m.cp */,
				1F24E8D729A8B4A600A1CB37 /* n.cp */,
				1F24E8D829A8B4AA00A1CB37 /* o.cp */,
				1F24E8D929A8B4AF00A1CB37 /* p.cp */,
			);
			path = SoMA1;
			sourceTree = "<group>";
		};
/* End PBXGroup section */

/* Begin PBXNativeTarget section */
		1F24E8B729A889FC00A1CB37 /* SoMA1 */ = {
			isa = PBXNativeTarget;
			buildConfigurationList = 1F24E8BF29A889FC00A1CB37 /* Build configuration list for PBXNativeTarget "SoMA1" */;
			buildPhases = (
				1F24E8B429A889FC00A1CB37 /* Sources */,
				1F24E8B529A889FC00A1CB37 /* Frameworks */,
				1F24E8B629A889FC00A1CB37 /* CopyFiles */,
			);
			buildRules = (
			);
			dependencies = (
			);
			name = SoMA1;
			productName = SoMA1;
			productReference = 1F24E8B829A889FC00A1CB37 /* SoMA1 */;
			productType = "com.apple.product-type.tool";
		};
/* End PBXNativeTarget section */

/* Begin PBXProject section */
		1F24E8B029A889FC00A1CB37 /* Project object */ = {
			isa = PBXProject;
			attributes = {
				BuildIndependentTargetsInParallel = 1;
				LastUpgradeCheck = 1340;
				TargetAttributes = {
					1F24E8B729A889FC00A1CB37 = {
						CreatedOnToolsVersion = 13.4.1;
					};
				};
			};
			buildConfigurationList = 1F24E8B329A889FC00A1CB37 /* Build configuration list for PBXProject "SoMA1" */;
			compatibilityVersion = "Xcode 13.0";
			developmentRegion = en;
			hasScannedForEncodings = 0;
			knownRegions = (
				en,
				Base,
			);
			mainGroup = 1F24E8AF29A889FC00A1CB37;
			productRefGroup = 1F24E8B929A889FC00A1CB37 /* Products */;
			projectDirPath = "";
			projectRoot = "";
			targets = (
				1F24E8B729A889FC00A1CB37 /* SoMA1 */,
			);
		};
/* End PBXProject section */

/* Begin PBXSourcesBuildPhase section */
		1F24E8B429A889FC00A1CB37 /* Sources */ = {
			isa = PBXSourcesBuildPhase;
			buildActionMask = 2147483647;
			files = (
				1F3BFEEB29A9BF530068E3D1 /* o.cp in Sources */,
			);
			runOnlyForDeploymentPostprocessing = 0;
		};
/* End PBXSourcesBuildPhase section */

/* Begin XCBuildConfiguration section */
		1F24E8BD29A889FC00A1CB37 /* Debug */ = {
			isa = XCBuildConfiguration;
			buildSettings = {
				ALWAYS_SEARCH_USER_PATHS = NO;
				CLANG_ANALYZER_NONNULL = YES;
				CLANG_ANALYZER_NUMBER_OBJECT_CONVERSION = YES_AGGRESSIVE;
				CLANG_CXX_LANGUAGE_STANDARD = "gnu++17";
				CLANG_ENABLE_MODULES = YES;
				CLANG_ENABLE_OBJC_ARC = YES;
				CLANG_ENABLE_OBJC_WEAK = YES;
				CLANG_WARN_BLOCK_CAPTURE_AUTORELEASING = YES;
				CLANG_WARN_BOOL_CONVERSION = YES;
				CLANG_WARN_COMMA = YES;
				CLANG_WARN_CONSTANT_CONVERSION = YES;
				CLANG_WARN_DEPRECATED_OBJC_IMPLEMENTATIONS = YES;
				CLANG_WARN_DIRECT_OBJC_ISA_USAGE = YES_ERROR;
				CLANG_WARN_DOCUMENTATION_COMMENTS = YES;
				CLANG_WARN_EMPTY_BODY = YES;
				CLANG_WARN_ENUM_CONVERSION = YES;
				CLANG_WARN_INFINITE_RECURSION = YES;
				CLANG_WARN_INT_CONVERSION = YES;
				CLANG_WARN_NON_LITERAL_NULL_CONVERSION = YES;
				CLANG_WARN_OBJC_IMPLICIT_RETAIN_SELF = YES;
				CLANG_WARN_OBJC_LITERAL_CONVERSION = YES;
				CLANG_WARN_OBJC_ROOT_CLASS = YES_ERROR;
				CLANG_WARN_QUOTED_INCLUDE_IN_FRAMEWORK_HEADER = YES;
				CLANG_WARN_RANGE_LOOP_ANALYSIS = YES;
				CLANG_WARN_STRICT_PROTOTYPES = YES;
				CLANG_WARN_SUSPICIOUS_MOVE = YES;
				CLANG_WARN_UNGUARDED_AVAILABILITY = YES_AGGRESSIVE;
				CLANG_WARN_UNREACHABLE_CODE = YES;
				CLANG_WARN__DUPLICATE_METHOD_MATCH = YES;
				COPY_PHASE_STRIP = NO;
				DEBUG_INFORMATION_FORMAT = dwarf;
				ENABLE_STRICT_OBJC_MSGSEND = YES;
				ENABLE_TESTABILITY = YES;
				GCC_C_LANGUAGE_STANDARD = gnu11;
				GCC_DYNAMIC_NO_PIC = NO;
				GCC_NO_COMMON_BLOCKS = YES;
				GCC_OPTIMIZATION_LEVEL = 0;
				GCC_PREPROCESSOR_DEFINITIONS = (
					"DEBUG=1",
					"$(inherited)",
				);
				GCC_WARN_64_TO_32_BIT_CONVERSION = YES;
				GCC_WARN_ABOUT_RETURN_TYPE = YES_ERROR;
				GCC_WARN_UNDECLARED_SELECTOR = YES;
				GCC_WARN_UNINITIALIZED_AUTOS = YES_AGGRESSIVE;
				GCC_WARN_UNUSED_FUNCTION = YES;
				GCC_WARN_UNUSED_VARIABLE = YES;
				MACOSX_DEPLOYMENT_TARGET = 12.3;
				MTL_ENABLE_DEBUG_INFO = INCLUDE_SOURCE;
				MTL_FAST_MATH = YES;
				ONLY_ACTIVE_ARCH = YES;
				SDKROOT = macosx;
			};
			name = Debug;
		};
		1F24E8BE29A889FC00A1CB37 /* Release */ = {
			isa = XCBuildConfiguration;
			buildSettings = {
				ALWAYS_SEARCH_USER_PATHS = NO;
				CLANG_ANALYZER_NONNULL = YES;
				CLANG_ANALYZER_NUMBER_OBJECT_CONVERSION = YES_AGGRESSIVE;
				CLANG_CXX_LANGUAGE_STANDARD = "gnu++17";
				CLANG_ENABLE_MODULES = YES;
				CLANG_ENABLE_OBJC_ARC = YES;
				CLANG_ENABLE_OBJC_WEAK = YES;
				CLANG_WARN_BLOCK_CAPTURE_AUTORELEASING = YES;
				CLANG_WARN_BOOL_CONVERSION = YES;
				CLANG_WARN_COMMA = YES;
				CLANG_WARN_CONSTANT_CONVERSION = YES;
				CLANG_WARN_DEPRECATED_OBJC_IMPLEMENTATIONS = YES;
				CLANG_WARN_DIRECT_OBJC_ISA_USAGE = YES_ERROR;
				CLANG_WARN_DOCUMENTATION_COMMENTS = YES;
				CLANG_WARN_EMPTY_BODY = YES;
				CLANG_WARN_ENUM_CONVERSION = YES;
				CLANG_WARN_INFINITE_RECURSION = YES;
				CLANG_WARN_INT_CONVERSION = YES;
				CLANG_WARN_NON_LITERAL_NULL_CONVERSION = YES;
				CLANG_WARN_OBJC_IMPLICIT_RETAIN_SELF = YES;
				CLANG_WARN_OBJC_LITERAL_CONVERSION = YES;
				CLANG_WARN_OBJC_ROOT_CLASS = YES_ERROR;
				CLANG_WARN_QUOTED_INCLUDE_IN_FRAMEWORK_HEADER = YES;
				CLANG_WARN_RANGE_LOOP_ANALYSIS = YES;
				CLANG_WARN_STRICT_PROTOTYPES = YES;
				CLANG_WARN_SUSPICIOUS_MOVE = YES;
				CLANG_WARN_UNGUARDED_AVAILABILITY = YES_AGGRESSIVE;
				CLANG_WARN_UNREACHABLE_CODE = YES;
				CLANG_WARN__DUPLICATE_METHOD_MATCH = YES;
				COPY_PHASE_STRIP = NO;
				DEBUG_INFORMATION_FORMAT = "dwarf-with-dsym";
				ENABLE_NS_ASSERTIONS = NO;
				ENABLE_STRICT_OBJC_MSGSEND = YES;
				GCC_C_LANGUAGE_STANDARD = gnu11;
				GCC_NO_COMMON_BLOCKS = YES;
				GCC_WARN_64_TO_32_BIT_CONVERSION = YES;
				GCC_WARN_ABOUT_RETURN_TYPE = YES_ERROR;
				GCC_WARN_UNDECLARED_SELECTOR = YES;
				GCC_WARN_UNINITIALIZED_AUTOS = YES_AGGRESSIVE;
				GCC_WARN_UNUSED_FUNCTION = YES;
				GCC_WARN_UNUSED_VARIABLE = YES;
				MACOSX_DEPLOYMENT_TARGET = 12.3;
				MTL_ENABLE_DEBUG_INFO = NO;
				MTL_FAST_MATH = YES;
				SDKROOT = macosx;
			};
			name = Release;
		};
		1F24E8C029A889FC00A1CB37 /* Debug */ = {
			isa = XCBuildConfiguration;
			buildSettings = {
				CODE_SIGN_STYLE = Automatic;
				PRODUCT_NAME = "$(TARGET_NAME)";
			};
			name = Debug;
		};
		1F24E8C129A889FC00A1CB37 /* Release */ = {
			isa = XCBuildConfiguration;
			buildSettings = {
				CODE_SIGN_STYLE = Automatic;
				PRODUCT_NAME = "$(TARGET_NAME)";
			};
			name = Release;
		};
/* End XCBuildConfiguration section */

/* Begin XCConfigurationList section */
		1F24E8B329A889FC00A1CB37 /* Build configuration list for PBXProject "SoMA1" */ = {
			isa = XCConfigurationList;
			buildConfigurations = (
				1F24E8BD29A889FC00A1CB37 /* Debug */,
				1F24E8BE29A889FC00A1CB37 /* Release */,
			);
			defaultConfigurationIsVisible = 0;
			defaultConfigurationName = Release;
		};
		1F24E8BF29A889FC00A1CB37 /* Build configuration list for PBXNativeTarget "SoMA1" */ = {
			isa = XCConfigurationList;
			buildConfigurations = (
				1F24E8C029A889FC00A1CB37 /* Debug */,
				1F24E8C129A889FC00A1CB37 /* Release */,
			);
			defaultConfigurationIsVisible = 0;
			defaultConfigurationName = Release;
		};
/* End XCConfigurationList section */
	};
	rootObject = 1F24E8B029A889FC00A1CB37 /* Project object */;
}
