// !$*UTF8*$!
{
	archiveVersion = 1;
	classes = {
	};
	objectVersion = 55;
	objects = {

/* Begin PBXCopyFilesBuildPhase section */
		1F26092529ADCBE3006A7EE8 /* CopyFiles */ = {
			isa = PBXCopyFilesBuildPhase;
			buildActionMask = 2147483647;
			dstPath = /usr/share/man/man1/;
			dstSubfolderSpec = 0;
			files = (
			);
			runOnlyForDeploymentPostprocessing = 1;
		};
/* End PBXCopyFilesBuildPhase section */

/* Begin PBXFileReference section */
		1F26092729ADCBE3006A7EE8 /* SoMA2 */ = {isa = PBXFileReference; explicitFileType = "compiled.mach-o.executable"; includeInIndex = 0; path = SoMA2; sourceTree = BUILT_PRODUCTS_DIR; };
		1F26092A29ADCBE3006A7EE8 /* a.cpp */ = {isa = PBXFileReference; lastKnownFileType = sourcecode.cpp.cpp; path = a.cpp; sourceTree = "<group>"; };
		1F26093129ADCE37006A7EE8 /* b.cp */ = {isa = PBXFileReference; lastKnownFileType = sourcecode.cpp.cpp; path = b.cp; sourceTree = "<group>"; };
		1F26093229ADCE3A006A7EE8 /* c.cp */ = {isa = PBXFileReference; lastKnownFileType = sourcecode.cpp.cpp; path = c.cp; sourceTree = "<group>"; };
		1F26093329ADCE3D006A7EE8 /* d.cp */ = {isa = PBXFileReference; lastKnownFileType = sourcecode.cpp.cpp; path = d.cp; sourceTree = "<group>"; };
		1F26093429ADCE41006A7EE8 /* e.cp */ = {isa = PBXFileReference; lastKnownFileType = sourcecode.cpp.cpp; path = e.cp; sourceTree = "<group>"; };
		1F26093529ADCE44006A7EE8 /* f.cp */ = {isa = PBXFileReference; lastKnownFileType = sourcecode.cpp.cpp; path = f.cp; sourceTree = "<group>"; };
		1F26093629ADCE47006A7EE8 /* g.cp */ = {isa = PBXFileReference; lastKnownFileType = sourcecode.cpp.cpp; path = g.cp; sourceTree = "<group>"; };
		1F26093729ADCE4A006A7EE8 /* h.cp */ = {isa = PBXFileReference; lastKnownFileType = sourcecode.cpp.cpp; path = h.cp; sourceTree = "<group>"; };
		1F26093829ADCE4E006A7EE8 /* i.cp */ = {isa = PBXFileReference; lastKnownFileType = sourcecode.cpp.cpp; path = i.cp; sourceTree = "<group>"; };
		1F26093929ADCE54006A7EE8 /* j.cp */ = {isa = PBXFileReference; lastKnownFileType = sourcecode.cpp.cpp; path = j.cp; sourceTree = "<group>"; };
		1F26093A29ADCE58006A7EE8 /* k.cp */ = {isa = PBXFileReference; lastKnownFileType = sourcecode.cpp.cpp; path = k.cp; sourceTree = "<group>"; };
/* End PBXFileReference section */

/* Begin PBXFrameworksBuildPhase section */
		1F26092429ADCBE3006A7EE8 /* Frameworks */ = {
			isa = PBXFrameworksBuildPhase;
			buildActionMask = 2147483647;
			files = (
			);
			runOnlyForDeploymentPostprocessing = 0;
		};
/* End PBXFrameworksBuildPhase section */

/* Begin PBXGroup section */
		1F26091E29ADCBE3006A7EE8 = {
			isa = PBXGroup;
			children = (
				1F26092929ADCBE3006A7EE8 /* SoMA2 */,
				1F26092829ADCBE3006A7EE8 /* Products */,
			);
			sourceTree = "<group>";
		};
		1F26092829ADCBE3006A7EE8 /* Products */ = {
			isa = PBXGroup;
			children = (
				1F26092729ADCBE3006A7EE8 /* SoMA2 */,
			);
			name = Products;
			sourceTree = "<group>";
		};
		1F26092929ADCBE3006A7EE8 /* SoMA2 */ = {
			isa = PBXGroup;
			children = (
				1F26092A29ADCBE3006A7EE8 /* a.cpp */,
				1F26093129ADCE37006A7EE8 /* b.cp */,
				1F26093229ADCE3A006A7EE8 /* c.cp */,
				1F26093329ADCE3D006A7EE8 /* d.cp */,
				1F26093429ADCE41006A7EE8 /* e.cp */,
				1F26093529ADCE44006A7EE8 /* f.cp */,
				1F26093629ADCE47006A7EE8 /* g.cp */,
				1F26093729ADCE4A006A7EE8 /* h.cp */,
				1F26093829ADCE4E006A7EE8 /* i.cp */,
				1F26093929ADCE54006A7EE8 /* j.cp */,
				1F26093A29ADCE58006A7EE8 /* k.cp */,
			);
			path = SoMA2;
			sourceTree = "<group>";
		};
/* End PBXGroup section */

/* Begin PBXNativeTarget section */
		1F26092629ADCBE3006A7EE8 /* SoMA2 */ = {
			isa = PBXNativeTarget;
			buildConfigurationList = 1F26092E29ADCBE3006A7EE8 /* Build configuration list for PBXNativeTarget "SoMA2" */;
			buildPhases = (
				1F26092329ADCBE3006A7EE8 /* Sources */,
				1F26092429ADCBE3006A7EE8 /* Frameworks */,
				1F26092529ADCBE3006A7EE8 /* CopyFiles */,
			);
			buildRules = (
			);
			dependencies = (
			);
			name = SoMA2;
			productName = SoMA2;
			productReference = 1F26092729ADCBE3006A7EE8 /* SoMA2 */;
			productType = "com.apple.product-type.tool";
		};
/* End PBXNativeTarget section */

/* Begin PBXProject section */
		1F26091F29ADCBE3006A7EE8 /* Project object */ = {
			isa = PBXProject;
			attributes = {
				BuildIndependentTargetsInParallel = 1;
				LastUpgradeCheck = 1340;
				TargetAttributes = {
					1F26092629ADCBE3006A7EE8 = {
						CreatedOnToolsVersion = 13.4.1;
					};
				};
			};
			buildConfigurationList = 1F26092229ADCBE3006A7EE8 /* Build configuration list for PBXProject "SoMA2" */;
			compatibilityVersion = "Xcode 13.0";
			developmentRegion = en;
			hasScannedForEncodings = 0;
			knownRegions = (
				en,
				Base,
			);
			mainGroup = 1F26091E29ADCBE3006A7EE8;
			productRefGroup = 1F26092829ADCBE3006A7EE8 /* Products */;
			projectDirPath = "";
			projectRoot = "";
			targets = (
				1F26092629ADCBE3006A7EE8 /* SoMA2 */,
			);
		};
/* End PBXProject section */

/* Begin PBXSourcesBuildPhase section */
		1F26092329ADCBE3006A7EE8 /* Sources */ = {
			isa = PBXSourcesBuildPhase;
			buildActionMask = 2147483647;
			files = (
			);
			runOnlyForDeploymentPostprocessing = 0;
		};
/* End PBXSourcesBuildPhase section */

/* Begin XCBuildConfiguration section */
		1F26092C29ADCBE3006A7EE8 /* Debug */ = {
			isa = XCBuildConfiguration;
			buildSettings = {
				ALWAYS_SEARCH_USER_PATHS = NO;
				CLANG_ANALYZER_NONNULL = YES;
				CLANG_ANALYZER_NUMBER_OBJECT_CONVERSION = YES_AGGRESSIVE;
				CLANG_CXX_LANGUAGE_STANDARD = "gnu++17";
				CLANG_ENABLE_MODULES = YES;
				CLANG_ENABLE_OBJC_ARC = YES;
				CLANG_ENABLE_OBJC_WEAK = YES;
				CLANG_WARN_BLOCK_CAPTURE_AUTORELEASING = YES;
				CLANG_WARN_BOOL_CONVERSION = YES;
				CLANG_WARN_COMMA = YES;
				CLANG_WARN_CONSTANT_CONVERSION = YES;
				CLANG_WARN_DEPRECATED_OBJC_IMPLEMENTATIONS = YES;
				CLANG_WARN_DIRECT_OBJC_ISA_USAGE = YES_ERROR;
				CLANG_WARN_DOCUMENTATION_COMMENTS = YES;
				CLANG_WARN_EMPTY_BODY = YES;
				CLANG_WARN_ENUM_CONVERSION = YES;
				CLANG_WARN_INFINITE_RECURSION = YES;
				CLANG_WARN_INT_CONVERSION = YES;
				CLANG_WARN_NON_LITERAL_NULL_CONVERSION = YES;
				CLANG_WARN_OBJC_IMPLICIT_RETAIN_SELF = YES;
				CLANG_WARN_OBJC_LITERAL_CONVERSION = YES;
				CLANG_WARN_OBJC_ROOT_CLASS = YES_ERROR;
				CLANG_WARN_QUOTED_INCLUDE_IN_FRAMEWORK_HEADER = YES;
				CLANG_WARN_RANGE_LOOP_ANALYSIS = YES;
				CLANG_WARN_STRICT_PROTOTYPES = YES;
				CLANG_WARN_SUSPICIOUS_MOVE = YES;
				CLANG_WARN_UNGUARDED_AVAILABILITY = YES_AGGRESSIVE;
				CLANG_WARN_UNREACHABLE_CODE = YES;
				CLANG_WARN__DUPLICATE_METHOD_MATCH = YES;
				COPY_PHASE_STRIP = NO;
				DEBUG_INFORMATION_FORMAT = dwarf;
				ENABLE_STRICT_OBJC_MSGSEND = YES;
				ENABLE_TESTABILITY = YES;
				GCC_C_LANGUAGE_STANDARD = gnu11;
				GCC_DYNAMIC_NO_PIC = NO;
				GCC_NO_COMMON_BLOCKS = YES;
				GCC_OPTIMIZATION_LEVEL = 0;
				GCC_PREPROCESSOR_DEFINITIONS = (
					"DEBUG=1",
					"$(inherited)",
				);
				GCC_WARN_64_TO_32_BIT_CONVERSION = YES;
				GCC_WARN_ABOUT_RETURN_TYPE = YES_ERROR;
				GCC_WARN_UNDECLARED_SELECTOR = YES;
				GCC_WARN_UNINITIALIZED_AUTOS = YES_AGGRESSIVE;
				GCC_WARN_UNUSED_FUNCTION = YES;
				GCC_WARN_UNUSED_VARIABLE = YES;
				MACOSX_DEPLOYMENT_TARGET = 12.3;
				MTL_ENABLE_DEBUG_INFO = INCLUDE_SOURCE;
				MTL_FAST_MATH = YES;
				ONLY_ACTIVE_ARCH = YES;
				SDKROOT = macosx;
			};
			name = Debug;
		};
		1F26092D29ADCBE3006A7EE8 /* Release */ = {
			isa = XCBuildConfiguration;
			buildSettings = {
				ALWAYS_SEARCH_USER_PATHS = NO;
				CLANG_ANALYZER_NONNULL = YES;
				CLANG_ANALYZER_NUMBER_OBJECT_CONVERSION = YES_AGGRESSIVE;
				CLANG_CXX_LANGUAGE_STANDARD = "gnu++17";
				CLANG_ENABLE_MODULES = YES;
				CLANG_ENABLE_OBJC_ARC = YES;
				CLANG_ENABLE_OBJC_WEAK = YES;
				CLANG_WARN_BLOCK_CAPTURE_AUTORELEASING = YES;
				CLANG_WARN_BOOL_CONVERSION = YES;
				CLANG_WARN_COMMA = YES;
				CLANG_WARN_CONSTANT_CONVERSION = YES;
				CLANG_WARN_DEPRECATED_OBJC_IMPLEMENTATIONS = YES;
				CLANG_WARN_DIRECT_OBJC_ISA_USAGE = YES_ERROR;
				CLANG_WARN_DOCUMENTATION_COMMENTS = YES;
				CLANG_WARN_EMPTY_BODY = YES;
				CLANG_WARN_ENUM_CONVERSION = YES;
				CLANG_WARN_INFINITE_RECURSION = YES;
				CLANG_WARN_INT_CONVERSION = YES;
				CLANG_WARN_NON_LITERAL_NULL_CONVERSION = YES;
				CLANG_WARN_OBJC_IMPLICIT_RETAIN_SELF = YES;
				CLANG_WARN_OBJC_LITERAL_CONVERSION = YES;
				CLANG_WARN_OBJC_ROOT_CLASS = YES_ERROR;
				CLANG_WARN_QUOTED_INCLUDE_IN_FRAMEWORK_HEADER = YES;
				CLANG_WARN_RANGE_LOOP_ANALYSIS = YES;
				CLANG_WARN_STRICT_PROTOTYPES = YES;
				CLANG_WARN_SUSPICIOUS_MOVE = YES;
				CLANG_WARN_UNGUARDED_AVAILABILITY = YES_AGGRESSIVE;
				CLANG_WARN_UNREACHABLE_CODE = YES;
				CLANG_WARN__DUPLICATE_METHOD_MATCH = YES;
				COPY_PHASE_STRIP = NO;
				DEBUG_INFORMATION_FORMAT = "dwarf-with-dsym";
				ENABLE_NS_ASSERTIONS = NO;
				ENABLE_STRICT_OBJC_MSGSEND = YES;
				GCC_C_LANGUAGE_STANDARD = gnu11;
				GCC_NO_COMMON_BLOCKS = YES;
				GCC_WARN_64_TO_32_BIT_CONVERSION = YES;
				GCC_WARN_ABOUT_RETURN_TYPE = YES_ERROR;
				GCC_WARN_UNDECLARED_SELECTOR = YES;
				GCC_WARN_UNINITIALIZED_AUTOS = YES_AGGRESSIVE;
				GCC_WARN_UNUSED_FUNCTION = YES;
				GCC_WARN_UNUSED_VARIABLE = YES;
				MACOSX_DEPLOYMENT_TARGET = 12.3;
				MTL_ENABLE_DEBUG_INFO = NO;
				MTL_FAST_MATH = YES;
				SDKROOT = macosx;
			};
			name = Release;
		};
		1F26092F29ADCBE3006A7EE8 /* Debug */ = {
			isa = XCBuildConfiguration;
			buildSettings = {
				CODE_SIGN_STYLE = Automatic;
				PRODUCT_NAME = "$(TARGET_NAME)";
			};
			name = Debug;
		};
		1F26093029ADCBE3006A7EE8 /* Release */ = {
			isa = XCBuildConfiguration;
			buildSettings = {
				CODE_SIGN_STYLE = Automatic;
				PRODUCT_NAME = "$(TARGET_NAME)";
			};
			name = Release;
		};
/* End XCBuildConfiguration section */

/* Begin XCConfigurationList section */
		1F26092229ADCBE3006A7EE8 /* Build configuration list for PBXProject "SoMA2" */ = {
			isa = XCConfigurationList;
			buildConfigurations = (
				1F26092C29ADCBE3006A7EE8 /* Debug */,
				1F26092D29ADCBE3006A7EE8 /* Release */,
			);
			defaultConfigurationIsVisible = 0;
			defaultConfigurationName = Release;
		};
		1F26092E29ADCBE3006A7EE8 /* Build configuration list for PBXNativeTarget "SoMA2" */ = {
			isa = XCConfigurationList;
			buildConfigurations = (
				1F26092F29ADCBE3006A7EE8 /* Debug */,
				1F26093029ADCBE3006A7EE8 /* Release */,
			);
			defaultConfigurationIsVisible = 0;
			defaultConfigurationName = Release;
		};
/* End XCConfigurationList section */
	};
	rootObject = 1F26091F29ADCBE3006A7EE8 /* Project object */;
}
