// !$*UTF8*$!
{
	archiveVersion = 1;
	classes = {
	};
	objectVersion = 55;
	objects = {

/* Begin PBXBuildFile section */
		1FC0A7CD2A1F406400D6B36C /* 3596.cp in Sources */ = {isa = PBXBuildFile; fileRef = 1FBFD6692A1EFECE00C78075 /* 3596.cp */; };
/* End PBXBuildFile section */

/* Begin PBXCopyFilesBuildPhase section */
		1FF635A529FA734900E301EB /* CopyFiles */ = {
			isa = PBXCopyFilesBuildPhase;
			buildActionMask = 2147483647;
			dstPath = /usr/share/man/man1/;
			dstSubfolderSpec = 0;
			files = (
			);
			runOnlyForDeploymentPostprocessing = 1;
		};
/* End PBXCopyFilesBuildPhase section */

/* Begin PBXFileReference section */
		1F365C2F2A1EFD43006B988C /* 9660.cp */ = {isa = PBXFileReference; fileEncoding = 4; lastKnownFileType = sourcecode.cpp.cpp; path = 9660.cp; sourceTree = "<group>"; };
		1F4001762A0DDEDF000D4F83 /* 11046.cp */ = {isa = PBXFileReference; fileEncoding = 4; lastKnownFileType = sourcecode.cpp.cpp; path = 11046.cp; sourceTree = "<group>"; };
		1F4001782A0DE8D2000D4F83 /* 1786.cp */ = {isa = PBXFileReference; fileEncoding = 4; lastKnownFileType = sourcecode.cpp.cpp; path = 1786.cp; sourceTree = "<group>"; };
		1F40017A2A0DE972000D4F83 /* 14444.cp */ = {isa = PBXFileReference; fileEncoding = 4; lastKnownFileType = sourcecode.cpp.cpp; path = 14444.cp; sourceTree = "<group>"; };
		1F40017C2A0DEC97000D4F83 /* 4354.cp */ = {isa = PBXFileReference; fileEncoding = 4; lastKnownFileType = sourcecode.cpp.cpp; path = 4354.cp; sourceTree = "<group>"; };
		1F40017E2A0E321C000D4F83 /* aa.cp */ = {isa = PBXFileReference; fileEncoding = 4; lastKnownFileType = sourcecode.cpp.cpp; path = aa.cp; sourceTree = "<group>"; };
		1F4001802A0E36E1000D4F83 /* bb.cp */ = {isa = PBXFileReference; fileEncoding = 4; lastKnownFileType = sourcecode.cpp.cpp; path = bb.cp; sourceTree = "<group>"; };
		1F4001832A0E430E000D4F83 /* 6086.cp */ = {isa = PBXFileReference; fileEncoding = 4; lastKnownFileType = sourcecode.cpp.cpp; path = 6086.cp; sourceTree = "<group>"; };
		1F4001862A0E44A7000D4F83 /* 11378.cp */ = {isa = PBXFileReference; fileEncoding = 4; lastKnownFileType = sourcecode.cpp.cpp; path = 11378.cp; sourceTree = "<group>"; };
		1F4001882A0E46DD000D4F83 /* 11405.cp */ = {isa = PBXFileReference; fileEncoding = 4; lastKnownFileType = sourcecode.cpp.cpp; path = 11405.cp; sourceTree = "<group>"; };
		1F8357942A15EDA600BB2FE2 /* 11377.cp */ = {isa = PBXFileReference; fileEncoding = 4; lastKnownFileType = sourcecode.cpp.cpp; path = 11377.cp; sourceTree = "<group>"; };
		1FABC71E2A14C37800231977 /* 17412.cp */ = {isa = PBXFileReference; fileEncoding = 4; lastKnownFileType = sourcecode.cpp.cpp; path = 17412.cp; sourceTree = "<group>"; };
		1FABC7202A14C53200231977 /* 11408.cp */ = {isa = PBXFileReference; fileEncoding = 4; lastKnownFileType = sourcecode.cpp.cpp; path = 11408.cp; sourceTree = "<group>"; };
		1FB72A682A03462900BB07BB /* 2042.cp */ = {isa = PBXFileReference; fileEncoding = 4; lastKnownFileType = sourcecode.cpp.cpp; path = 2042.cp; sourceTree = "<group>"; };
		1FB72A6A2A0346C000BB07BB /* 11505.cp */ = {isa = PBXFileReference; fileEncoding = 4; lastKnownFileType = sourcecode.cpp.cpp; path = 11505.cp; sourceTree = "<group>"; };
		1FB72A6C2A03473100BB07BB /* 10999.cp */ = {isa = PBXFileReference; fileEncoding = 4; lastKnownFileType = sourcecode.cpp.cpp; path = 10999.cp; sourceTree = "<group>"; };
		1FB72A6F2A034BDA00BB07BB /* 1395.cp */ = {isa = PBXFileReference; fileEncoding = 4; lastKnownFileType = sourcecode.cpp.cpp; path = 1395.cp; sourceTree = "<group>"; };
		1FBFD6662A1EFEA400C78075 /* 11868.cp */ = {isa = PBXFileReference; fileEncoding = 4; lastKnownFileType = sourcecode.cpp.cpp; path = 11868.cp; sourceTree = "<group>"; };
		1FBFD6682A1EFEB800C78075 /* 11871.cp */ = {isa = PBXFileReference; lastKnownFileType = sourcecode.cpp.cpp; path = 11871.cp; sourceTree = "<group>"; };
		1FBFD6692A1EFECE00C78075 /* 3596.cp */ = {isa = PBXFileReference; lastKnownFileType = sourcecode.cpp.cpp; path = 3596.cp; sourceTree = "<group>"; };
		1FBFD66A2A1EFEDE00C78075 /* 18937.cp */ = {isa = PBXFileReference; lastKnownFileType = sourcecode.cpp.cpp; path = 18937.cp; sourceTree = "<group>"; };
		1FC43DF92A0B8EE900FE7C85 /* 10942.cp */ = {isa = PBXFileReference; fileEncoding = 4; lastKnownFileType = sourcecode.cpp.cpp; path = 10942.cp; sourceTree = "<group>"; };
		1FF635A729FA734900E301EB /* algo23 */ = {isa = PBXFileReference; explicitFileType = "compiled.mach-o.executable"; includeInIndex = 0; path = algo23; sourceTree = BUILT_PRODUCTS_DIR; };
		1FF635AA29FA734900E301EB /* 3020.cpp */ = {isa = PBXFileReference; lastKnownFileType = sourcecode.cpp.cpp; path = 3020.cpp; sourceTree = "<group>"; };
		1FFA133E2A137F7D00D2F546 /* c.cp */ = {isa = PBXFileReference; fileEncoding = 4; lastKnownFileType = sourcecode.cpp.cpp; path = c.cp; sourceTree = "<group>"; };
/* End PBXFileReference section */

/* Begin PBXFrameworksBuildPhase section */
		1FF635A429FA734900E301EB /* Frameworks */ = {
			isa = PBXFrameworksBuildPhase;
			buildActionMask = 2147483647;
			files = (
			);
			runOnlyForDeploymentPostprocessing = 0;
		};
/* End PBXFrameworksBuildPhase section */

/* Begin PBXGroup section */
		1FF6359E29FA734900E301EB = {
			isa = PBXGroup;
			children = (
				1FF635A929FA734900E301EB /* algo23 */,
				1FF635A829FA734900E301EB /* Products */,
			);
			sourceTree = "<group>";
		};
		1FF635A829FA734900E301EB /* Products */ = {
			isa = PBXGroup;
			children = (
				1FF635A729FA734900E301EB /* algo23 */,
			);
			name = Products;
			sourceTree = "<group>";
		};
		1FF635A929FA734900E301EB /* algo23 */ = {
			isa = PBXGroup;
			children = (
				1FF635AA29FA734900E301EB /* 3020.cpp */,
				1FB72A682A03462900BB07BB /* 2042.cp */,
				1FB72A6A2A0346C000BB07BB /* 11505.cp */,
				1FB72A6C2A03473100BB07BB /* 10999.cp */,
				1FB72A6F2A034BDA00BB07BB /* 1395.cp */,
				1FC43DF92A0B8EE900FE7C85 /* 10942.cp */,
				1F4001762A0DDEDF000D4F83 /* 11046.cp */,
				1F4001782A0DE8D2000D4F83 /* 1786.cp */,
				1F40017A2A0DE972000D4F83 /* 14444.cp */,
				1F40017C2A0DEC97000D4F83 /* 4354.cp */,
				1F4001832A0E430E000D4F83 /* 6086.cp */,
				1F4001862A0E44A7000D4F83 /* 11378.cp */,
				1FABC71E2A14C37800231977 /* 17412.cp */,
				1F8357942A15EDA600BB2FE2 /* 11377.cp */,
				1FABC7202A14C53200231977 /* 11408.cp */,
				1F4001882A0E46DD000D4F83 /* 11405.cp */,
				1F365C2F2A1EFD43006B988C /* 9660.cp */,
				1FBFD6662A1EFEA400C78075 /* 11868.cp */,
				1FBFD6682A1EFEB800C78075 /* 11871.cp */,
				1FBFD6692A1EFECE00C78075 /* 3596.cp */,
				1FBFD66A2A1EFEDE00C78075 /* 18937.cp */,
				1FFA133E2A137F7D00D2F546 /* c.cp */,
				1F40017E2A0E321C000D4F83 /* aa.cp */,
				1F4001802A0E36E1000D4F83 /* bb.cp */,
			);
			path = algo23;
			sourceTree = "<group>";
		};
/* End PBXGroup section */

/* Begin PBXNativeTarget section */
		1FF635A629FA734900E301EB /* algo23 */ = {
			isa = PBXNativeTarget;
			buildConfigurationList = 1FF635AE29FA734900E301EB /* Build configuration list for PBXNativeTarget "algo23" */;
			buildPhases = (
				1FF635A329FA734900E301EB /* Sources */,
				1FF635A429FA734900E301EB /* Frameworks */,
				1FF635A529FA734900E301EB /* CopyFiles */,
			);
			buildRules = (
			);
			dependencies = (
			);
			name = algo23;
			productName = algo23;
			productReference = 1FF635A729FA734900E301EB /* algo23 */;
			productType = "com.apple.product-type.tool";
		};
/* End PBXNativeTarget section */

/* Begin PBXProject section */
		1FF6359F29FA734900E301EB /* Project object */ = {
			isa = PBXProject;
			attributes = {
				BuildIndependentTargetsInParallel = 1;
				LastUpgradeCheck = 1340;
				TargetAttributes = {
					1FF635A629FA734900E301EB = {
						CreatedOnToolsVersion = 13.4.1;
					};
				};
			};
			buildConfigurationList = 1FF635A229FA734900E301EB /* Build configuration list for PBXProject "algo23" */;
			compatibilityVersion = "Xcode 13.0";
			developmentRegion = en;
			hasScannedForEncodings = 0;
			knownRegions = (
				en,
				Base,
			);
			mainGroup = 1FF6359E29FA734900E301EB;
			productRefGroup = 1FF635A829FA734900E301EB /* Products */;
			projectDirPath = "";
			projectRoot = "";
			targets = (
				1FF635A629FA734900E301EB /* algo23 */,
			);
		};
/* End PBXProject section */

/* Begin PBXSourcesBuildPhase section */
		1FF635A329FA734900E301EB /* Sources */ = {
			isa = PBXSourcesBuildPhase;
			buildActionMask = 2147483647;
			files = (
				1FC0A7CD2A1F406400D6B36C /* 3596.cp in Sources */,
			);
			runOnlyForDeploymentPostprocessing = 0;
		};
/* End PBXSourcesBuildPhase section */

/* Begin XCBuildConfiguration section */
		1FF635AC29FA734900E301EB /* Debug */ = {
			isa = XCBuildConfiguration;
			buildSettings = {
				ALWAYS_SEARCH_USER_PATHS = NO;
				CLANG_ANALYZER_NONNULL = YES;
				CLANG_ANALYZER_NUMBER_OBJECT_CONVERSION = YES_AGGRESSIVE;
				CLANG_CXX_LANGUAGE_STANDARD = "gnu++17";
				CLANG_ENABLE_MODULES = YES;
				CLANG_ENABLE_OBJC_ARC = YES;
				CLANG_ENABLE_OBJC_WEAK = YES;
				CLANG_WARN_BLOCK_CAPTURE_AUTORELEASING = YES;
				CLANG_WARN_BOOL_CONVERSION = YES;
				CLANG_WARN_COMMA = YES;
				CLANG_WARN_CONSTANT_CONVERSION = YES;
				CLANG_WARN_DEPRECATED_OBJC_IMPLEMENTATIONS = YES;
				CLANG_WARN_DIRECT_OBJC_ISA_USAGE = YES_ERROR;
				CLANG_WARN_DOCUMENTATION_COMMENTS = YES;
				CLANG_WARN_EMPTY_BODY = YES;
				CLANG_WARN_ENUM_CONVERSION = YES;
				CLANG_WARN_INFINITE_RECURSION = YES;
				CLANG_WARN_INT_CONVERSION = YES;
				CLANG_WARN_NON_LITERAL_NULL_CONVERSION = YES;
				CLANG_WARN_OBJC_IMPLICIT_RETAIN_SELF = YES;
				CLANG_WARN_OBJC_LITERAL_CONVERSION = YES;
				CLANG_WARN_OBJC_ROOT_CLASS = YES_ERROR;
				CLANG_WARN_QUOTED_INCLUDE_IN_FRAMEWORK_HEADER = YES;
				CLANG_WARN_RANGE_LOOP_ANALYSIS = YES;
				CLANG_WARN_STRICT_PROTOTYPES = YES;
				CLANG_WARN_SUSPICIOUS_MOVE = YES;
				CLANG_WARN_UNGUARDED_AVAILABILITY = YES_AGGRESSIVE;
				CLANG_WARN_UNREACHABLE_CODE = YES;
				CLANG_WARN__DUPLICATE_METHOD_MATCH = YES;
				COPY_PHASE_STRIP = NO;
				DEBUG_INFORMATION_FORMAT = dwarf;
				ENABLE_STRICT_OBJC_MSGSEND = YES;
				ENABLE_TESTABILITY = YES;
				GCC_C_LANGUAGE_STANDARD = gnu11;
				GCC_DYNAMIC_NO_PIC = NO;
				GCC_NO_COMMON_BLOCKS = YES;
				GCC_OPTIMIZATION_LEVEL = 0;
				GCC_PREPROCESSOR_DEFINITIONS = (
					"DEBUG=1",
					"$(inherited)",
				);
				GCC_WARN_64_TO_32_BIT_CONVERSION = YES;
				GCC_WARN_ABOUT_RETURN_TYPE = YES_ERROR;
				GCC_WARN_UNDECLARED_SELECTOR = YES;
				GCC_WARN_UNINITIALIZED_AUTOS = YES_AGGRESSIVE;
				GCC_WARN_UNUSED_FUNCTION = YES;
				GCC_WARN_UNUSED_VARIABLE = YES;
				MACOSX_DEPLOYMENT_TARGET = 12.3;
				MTL_ENABLE_DEBUG_INFO = INCLUDE_SOURCE;
				MTL_FAST_MATH = YES;
				ONLY_ACTIVE_ARCH = YES;
				SDKROOT = macosx;
			};
			name = Debug;
		};
		1FF635AD29FA734900E301EB /* Release */ = {
			isa = XCBuildConfiguration;
			buildSettings = {
				ALWAYS_SEARCH_USER_PATHS = NO;
				CLANG_ANALYZER_NONNULL = YES;
				CLANG_ANALYZER_NUMBER_OBJECT_CONVERSION = YES_AGGRESSIVE;
				CLANG_CXX_LANGUAGE_STANDARD = "gnu++17";
				CLANG_ENABLE_MODULES = YES;
				CLANG_ENABLE_OBJC_ARC = YES;
				CLANG_ENABLE_OBJC_WEAK = YES;
				CLANG_WARN_BLOCK_CAPTURE_AUTORELEASING = YES;
				CLANG_WARN_BOOL_CONVERSION = YES;
				CLANG_WARN_COMMA = YES;
				CLANG_WARN_CONSTANT_CONVERSION = YES;
				CLANG_WARN_DEPRECATED_OBJC_IMPLEMENTATIONS = YES;
				CLANG_WARN_DIRECT_OBJC_ISA_USAGE = YES_ERROR;
				CLANG_WARN_DOCUMENTATION_COMMENTS = YES;
				CLANG_WARN_EMPTY_BODY = YES;
				CLANG_WARN_ENUM_CONVERSION = YES;
				CLANG_WARN_INFINITE_RECURSION = YES;
				CLANG_WARN_INT_CONVERSION = YES;
				CLANG_WARN_NON_LITERAL_NULL_CONVERSION = YES;
				CLANG_WARN_OBJC_IMPLICIT_RETAIN_SELF = YES;
				CLANG_WARN_OBJC_LITERAL_CONVERSION = YES;
				CLANG_WARN_OBJC_ROOT_CLASS = YES_ERROR;
				CLANG_WARN_QUOTED_INCLUDE_IN_FRAMEWORK_HEADER = YES;
				CLANG_WARN_RANGE_LOOP_ANALYSIS = YES;
				CLANG_WARN_STRICT_PROTOTYPES = YES;
				CLANG_WARN_SUSPICIOUS_MOVE = YES;
				CLANG_WARN_UNGUARDED_AVAILABILITY = YES_AGGRESSIVE;
				CLANG_WARN_UNREACHABLE_CODE = YES;
				CLANG_WARN__DUPLICATE_METHOD_MATCH = YES;
				COPY_PHASE_STRIP = NO;
				DEBUG_INFORMATION_FORMAT = "dwarf-with-dsym";
				ENABLE_NS_ASSERTIONS = NO;
				ENABLE_STRICT_OBJC_MSGSEND = YES;
				GCC_C_LANGUAGE_STANDARD = gnu11;
				GCC_NO_COMMON_BLOCKS = YES;
				GCC_WARN_64_TO_32_BIT_CONVERSION = YES;
				GCC_WARN_ABOUT_RETURN_TYPE = YES_ERROR;
				GCC_WARN_UNDECLARED_SELECTOR = YES;
				GCC_WARN_UNINITIALIZED_AUTOS = YES_AGGRESSIVE;
				GCC_WARN_UNUSED_FUNCTION = YES;
				GCC_WARN_UNUSED_VARIABLE = YES;
				MACOSX_DEPLOYMENT_TARGET = 12.3;
				MTL_ENABLE_DEBUG_INFO = NO;
				MTL_FAST_MATH = YES;
				SDKROOT = macosx;
			};
			name = Release;
		};
		1FF635AF29FA734900E301EB /* Debug */ = {
			isa = XCBuildConfiguration;
			buildSettings = {
				CODE_SIGN_STYLE = Automatic;
				PRODUCT_NAME = "$(TARGET_NAME)";
			};
			name = Debug;
		};
		1FF635B029FA734900E301EB /* Release */ = {
			isa = XCBuildConfiguration;
			buildSettings = {
				CODE_SIGN_STYLE = Automatic;
				PRODUCT_NAME = "$(TARGET_NAME)";
			};
			name = Release;
		};
/* End XCBuildConfiguration section */

/* Begin XCConfigurationList section */
		1FF635A229FA734900E301EB /* Build configuration list for PBXProject "algo23" */ = {
			isa = XCConfigurationList;
			buildConfigurations = (
				1FF635AC29FA734900E301EB /* Debug */,
				1FF635AD29FA734900E301EB /* Release */,
			);
			defaultConfigurationIsVisible = 0;
			defaultConfigurationName = Release;
		};
		1FF635AE29FA734900E301EB /* Build configuration list for PBXNativeTarget "algo23" */ = {
			isa = XCConfigurationList;
			buildConfigurations = (
				1FF635AF29FA734900E301EB /* Debug */,
				1FF635B029FA734900E301EB /* Release */,
			);
			defaultConfigurationIsVisible = 0;
			defaultConfigurationName = Release;
		};
/* End XCConfigurationList section */
	};
	rootObject = 1FF6359F29FA734900E301EB /* Project object */;
}
